
Microsoft Visual Studio Solution File, Format Version 12.00
# Visual Studio Version 17
VisualStudioVersion = 17.4.33213.308
MinimumVisualStudioVersion = 10.0.40219.1
Project("{FAE04EC0-301F-11D3-BF4B-00C04F79EFBC}") = "StarTrayTemperature", "StarTrayTemperature\StarTrayTemperature.csproj", "{4DA9E5A6-1933-4976-AAB6-F8AD98C9D393}"
EndProject
Global
	GlobalSection(SolutionConfigurationPlatforms) = preSolution
		Debug|Any CPU = Debug|Any CPU
		Release|Any CPU = Release|Any CPU
	EndGlobalSection
	GlobalSection(ProjectConfigurationPlatforms) = postSolution
		{4DA9E5A6-1933-4976-AAB6-F8AD98C9D393}.Debug|Any CPU.ActiveCfg = Debug|Any CPU
		{4DA9E5A6-1933-4976-AAB6-F8AD98C9D393}.Debug|Any CPU.Build.0 = Debug|Any CPU
		{4DA9E5A6-1933-4976-AAB6-F8AD98C9D393}.Release|Any CPU.ActiveCfg = Release|Any CPU
		{4DA9E5A6-1933-4976-AAB6-F8AD98C9D393}.Release|Any CPU.Build.0 = Release|Any CPU
	EndGlobalSection
	GlobalSection(SolutionProperties) = preSolution
		HideSolutionNode = FALSE
	EndGlobalSection
	GlobalSection(ExtensibilityGlobals) = postSolution
		SolutionGuid = {D09546BF-0E58-4B6A-8D87-B4E9F70BB380}
	EndGlobalSection
EndGlobal
